
Microsoft Visual Studio Solution File, Format Version 12.00
# Visual Studio Version 17
VisualStudioVersion = 17.4.33403.182
MinimumVisualStudioVersion = 10.0.40219.1
Project("{9A19103F-16F7-4668-BE54-9A1E7A4F7556}") = "MigrationDemo.Android", "MigrationDemo\MigrationDemo.Android\MigrationDemo.Android.csproj", "{7A01F841-5094-4E24-BABF-ACF726C3F12F}"
EndProject
Project("{9A19103F-16F7-4668-BE54-9A1E7A4F7556}") = "MigrationDemo.iOS", "MigrationDemo\MigrationDemo.iOS\MigrationDemo.iOS.csproj", "{D6F98634-AD22-417C-AE7C-EA732F52C8E4}"
EndProject
Project("{9A19103F-16F7-4668-BE54-9A1E7A4F7556}") = "MigrationDemo", "MigrationDemo\MigrationDemo\MigrationDemo.csproj", "{953F76AF-8427-466E-B196-99533027503B}"
EndProject
Global
	GlobalSection(SolutionConfigurationPlatforms) = preSolution
		Debug|Any CPU = Debug|Any CPU
		Debug|iPhone = Debug|iPhone
		Debug|iPhoneSimulator = Debug|iPhoneSimulator
		Release|Any CPU = Release|Any CPU
		Release|iPhone = Release|iPhone
		Release|iPhoneSimulator = Release|iPhoneSimulator
	EndGlobalSection
	GlobalSection(ProjectConfigurationPlatforms) = postSolution
		{7A01F841-5094-4E24-BABF-ACF726C3F12F}.Debug|Any CPU.ActiveCfg = Debug|Any CPU
		{7A01F841-5094-4E24-BABF-ACF726C3F12F}.Debug|Any CPU.Build.0 = Debug|Any CPU
		{7A01F841-5094-4E24-BABF-ACF726C3F12F}.Debug|Any CPU.Deploy.0 = Debug|Any CPU
		{7A01F841-5094-4E24-BABF-ACF726C3F12F}.Debug|iPhone.ActiveCfg = Debug|Any CPU
		{7A01F841-5094-4E24-BABF-ACF726C3F12F}.Debug|iPhone.Build.0 = Debug|Any CPU
		{7A01F841-5094-4E24-BABF-ACF726C3F12F}.Debug|iPhone.Deploy.0 = Debug|Any CPU
		{7A01F841-5094-4E24-BABF-ACF726C3F12F}.Debug|iPhoneSimulator.ActiveCfg = Debug|Any CPU
		{7A01F841-5094-4E24-BABF-ACF726C3F12F}.Debug|iPhoneSimulator.Build.0 = Debug|Any CPU
		{7A01F841-5094-4E24-BABF-ACF726C3F12F}.Debug|iPhoneSimulator.Deploy.0 = Debug|Any CPU
		{7A01F841-5094-4E24-BABF-ACF726C3F12F}.Release|Any CPU.ActiveCfg = Release|Any CPU
		{7A01F841-5094-4E24-BABF-ACF726C3F12F}.Release|Any CPU.Build.0 = Release|Any CPU
		{7A01F841-5094-4E24-BABF-ACF726C3F12F}.Release|Any CPU.Deploy.0 = Release|Any CPU
		{7A01F841-5094-4E24-BABF-ACF726C3F12F}.Release|iPhone.ActiveCfg = Release|Any CPU
		{7A01F841-5094-4E24-BABF-ACF726C3F12F}.Release|iPhone.Build.0 = Release|Any CPU
		{7A01F841-5094-4E24-BABF-ACF726C3F12F}.Release|iPhone.Deploy.0 = Release|Any CPU
		{7A01F841-5094-4E24-BABF-ACF726C3F12F}.Release|iPhoneSimulator.ActiveCfg = Release|Any CPU
		{7A01F841-5094-4E24-BABF-ACF726C3F12F}.Release|iPhoneSimulator.Build.0 = Release|Any CPU
		{7A01F841-5094-4E24-BABF-ACF726C3F12F}.Release|iPhoneSimulator.Deploy.0 = Release|Any CPU
		{D6F98634-AD22-417C-AE7C-EA732F52C8E4}.Debug|Any CPU.ActiveCfg = Debug|Any CPU
		{D6F98634-AD22-417C-AE7C-EA732F52C8E4}.Debug|Any CPU.Build.0 = Debug|Any CPU
		{D6F98634-AD22-417C-AE7C-EA732F52C8E4}.Debug|Any CPU.Deploy.0 = Debug|Any CPU
		{D6F98634-AD22-417C-AE7C-EA732F52C8E4}.Debug|iPhone.ActiveCfg = Debug|iPhone
		{D6F98634-AD22-417C-AE7C-EA732F52C8E4}.Debug|iPhone.Build.0 = Debug|iPhone
		{D6F98634-AD22-417C-AE7C-EA732F52C8E4}.Debug|iPhone.Deploy.0 = Debug|iPhone
		{D6F98634-AD22-417C-AE7C-EA732F52C8E4}.Debug|iPhoneSimulator.ActiveCfg = Debug|iPhoneSimulator
		{D6F98634-AD22-417C-AE7C-EA732F52C8E4}.Debug|iPhoneSimulator.Build.0 = Debug|iPhoneSimulator
		{D6F98634-AD22-417C-AE7C-EA732F52C8E4}.Debug|iPhoneSimulator.Deploy.0 = Debug|iPhoneSimulator
		{D6F98634-AD22-417C-AE7C-EA732F52C8E4}.Release|Any CPU.ActiveCfg = Release|iPhoneSimulator
		{D6F98634-AD22-417C-AE7C-EA732F52C8E4}.Release|Any CPU.Build.0 = Release|iPhoneSimulator
		{D6F98634-AD22-417C-AE7C-EA732F52C8E4}.Release|Any CPU.Deploy.0 = Release|iPhoneSimulator
		{D6F98634-AD22-417C-AE7C-EA732F52C8E4}.Release|iPhone.ActiveCfg = Release|iPhone
		{D6F98634-AD22-417C-AE7C-EA732F52C8E4}.Release|iPhone.Build.0 = Release|iPhone
		{D6F98634-AD22-417C-AE7C-EA732F52C8E4}.Release|iPhone.Deploy.0 = Release|iPhone
		{D6F98634-AD22-417C-AE7C-EA732F52C8E4}.Release|iPhoneSimulator.ActiveCfg = Release|iPhoneSimulator
		{D6F98634-AD22-417C-AE7C-EA732F52C8E4}.Release|iPhoneSimulator.Build.0 = Release|iPhoneSimulator
		{D6F98634-AD22-417C-AE7C-EA732F52C8E4}.Release|iPhoneSimulator.Deploy.0 = Release|iPhoneSimulator
		{953F76AF-8427-466E-B196-99533027503B}.Debug|Any CPU.ActiveCfg = Debug|Any CPU
		{953F76AF-8427-466E-B196-99533027503B}.Debug|Any CPU.Build.0 = Debug|Any CPU
		{953F76AF-8427-466E-B196-99533027503B}.Debug|Any CPU.Deploy.0 = Debug|Any CPU
		{953F76AF-8427-466E-B196-99533027503B}.Debug|iPhone.ActiveCfg = Debug|Any CPU
		{953F76AF-8427-466E-B196-99533027503B}.Debug|iPhone.Build.0 = Debug|Any CPU
		{953F76AF-8427-466E-B196-99533027503B}.Debug|iPhone.Deploy.0 = Debug|Any CPU
		{953F76AF-8427-466E-B196-99533027503B}.Debug|iPhoneSimulator.ActiveCfg = Debug|Any CPU
		{953F76AF-8427-466E-B196-99533027503B}.Debug|iPhoneSimulator.Build.0 = Debug|Any CPU
		{953F76AF-8427-466E-B196-99533027503B}.Debug|iPhoneSimulator.Deploy.0 = Debug|Any CPU
		{953F76AF-8427-466E-B196-99533027503B}.Release|Any CPU.ActiveCfg = Release|Any CPU
		{953F76AF-8427-466E-B196-99533027503B}.Release|Any CPU.Build.0 = Release|Any CPU
		{953F76AF-8427-466E-B196-99533027503B}.Release|Any CPU.Deploy.0 = Release|Any CPU
		{953F76AF-8427-466E-B196-99533027503B}.Release|iPhone.ActiveCfg = Release|Any CPU
		{953F76AF-8427-466E-B196-99533027503B}.Release|iPhone.Build.0 = Release|Any CPU
		{953F76AF-8427-466E-B196-99533027503B}.Release|iPhone.Deploy.0 = Release|Any CPU
		{953F76AF-8427-466E-B196-99533027503B}.Release|iPhoneSimulator.ActiveCfg = Release|Any CPU
		{953F76AF-8427-466E-B196-99533027503B}.Release|iPhoneSimulator.Build.0 = Release|Any CPU
		{953F76AF-8427-466E-B196-99533027503B}.Release|iPhoneSimulator.Deploy.0 = Release|Any CPU
	EndGlobalSection
	GlobalSection(SolutionProperties) = preSolution
		HideSolutionNode = FALSE
	EndGlobalSection
	GlobalSection(ExtensibilityGlobals) = postSolution
		SolutionGuid = {7790CBC3-98B3-47F8-8799-63D3C3206A77}
	EndGlobalSection
EndGlobal
